
Microsoft Visual Studio Solution File, Format Version 12.00
# Visual Studio Version 16
VisualStudioVersion = 16.0.30114.105
MinimumVisualStudioVersion = 10.0.40219.1
Project("{9A19103F-16F7-4668-BE54-9A1E7A4F7556}") = "GistSync.Windows", "GistSync.Windows\GistSync.Windows.csproj", "{203116DB-0F49-411E-AE35-FEE0D343707D}"
EndProject
Project("{9A19103F-16F7-4668-BE54-9A1E7A4F7556}") = "GistSync.Core", "GistSync.Core\GistSync.Core.csproj", "{2F62C465-2734-45AD-91B9-AD0A3927C5BE}"
EndProject
Project("{9A19103F-16F7-4668-BE54-9A1E7A4F7556}") = "GistSync.Core.Tests", "GistSync.Core.Tests\GistSync.Core.Tests.csproj", "{3894F95A-0EC9-4E38-AF95-7340C4C5A3F4}"
EndProject
Project("{2150E333-8FDC-42A3-9474-1A3956D46DE8}") = "Solution Items", "Solution Items", "{3AEBD3E6-D464-4BBE-A331-ACF47E7FBD7A}"
	ProjectSection(SolutionItems) = preProject
		LICENSE = LICENSE
		README.md = README.md
	EndProjectSection
EndProject
Project("{930C7802-8A8C-48F9-8165-68863BCCD9DD}") = "GistSync.Windows.Installer", "GistSync.Windows.Installer\GistSync.Windows.Installer.wixproj", "{EBB558EC-489F-48DA-942F-6414B91D5200}"
EndProject
Global
	GlobalSection(SolutionConfigurationPlatforms) = preSolution
		Debug|x64 = Debug|x64
		Debug|x86 = Debug|x86
		Release|x64 = Release|x64
		Release|x86 = Release|x86
	EndGlobalSection
	GlobalSection(ProjectConfigurationPlatforms) = postSolution
		{203116DB-0F49-411E-AE35-FEE0D343707D}.Debug|x64.ActiveCfg = Debug|x64
		{203116DB-0F49-411E-AE35-FEE0D343707D}.Debug|x64.Build.0 = Debug|x64
		{203116DB-0F49-411E-AE35-FEE0D343707D}.Debug|x86.ActiveCfg = Debug|x86
		{203116DB-0F49-411E-AE35-FEE0D343707D}.Debug|x86.Build.0 = Debug|x86
		{203116DB-0F49-411E-AE35-FEE0D343707D}.Release|x64.ActiveCfg = Release|x64
		{203116DB-0F49-411E-AE35-FEE0D343707D}.Release|x64.Build.0 = Release|x64
		{203116DB-0F49-411E-AE35-FEE0D343707D}.Release|x86.ActiveCfg = Release|x86
		{203116DB-0F49-411E-AE35-FEE0D343707D}.Release|x86.Build.0 = Release|x86
		{2F62C465-2734-45AD-91B9-AD0A3927C5BE}.Debug|x64.ActiveCfg = Debug|x64
		{2F62C465-2734-45AD-91B9-AD0A3927C5BE}.Debug|x64.Build.0 = Debug|x64
		{2F62C465-2734-45AD-91B9-AD0A3927C5BE}.Debug|x86.ActiveCfg = Debug|x86
		{2F62C465-2734-45AD-91B9-AD0A3927C5BE}.Debug|x86.Build.0 = Debug|x86
		{2F62C465-2734-45AD-91B9-AD0A3927C5BE}.Release|x64.ActiveCfg = Release|x64
		{2F62C465-2734-45AD-91B9-AD0A3927C5BE}.Release|x64.Build.0 = Release|x64
		{2F62C465-2734-45AD-91B9-AD0A3927C5BE}.Release|x86.ActiveCfg = Release|x86
		{2F62C465-2734-45AD-91B9-AD0A3927C5BE}.Release|x86.Build.0 = Release|x86
		{3894F95A-0EC9-4E38-AF95-7340C4C5A3F4}.Debug|x64.ActiveCfg = Debug|x86
		{3894F95A-0EC9-4E38-AF95-7340C4C5A3F4}.Debug|x64.Build.0 = Debug|x86
		{3894F95A-0EC9-4E38-AF95-7340C4C5A3F4}.Debug|x86.ActiveCfg = Debug|x86
		{3894F95A-0EC9-4E38-AF95-7340C4C5A3F4}.Debug|x86.Build.0 = Debug|x86
		{3894F95A-0EC9-4E38-AF95-7340C4C5A3F4}.Release|x64.ActiveCfg = Release|x86
		{3894F95A-0EC9-4E38-AF95-7340C4C5A3F4}.Release|x64.Build.0 = Release|x86
		{3894F95A-0EC9-4E38-AF95-7340C4C5A3F4}.Release|x86.ActiveCfg = Release|x86
		{3894F95A-0EC9-4E38-AF95-7340C4C5A3F4}.Release|x86.Build.0 = Release|x86
		{EBB558EC-489F-48DA-942F-6414B91D5200}.Debug|x64.ActiveCfg = Debug|x64
		{EBB558EC-489F-48DA-942F-6414B91D5200}.Debug|x86.ActiveCfg = Debug|x86
		{EBB558EC-489F-48DA-942F-6414B91D5200}.Release|x64.ActiveCfg = Release|x64
		{EBB558EC-489F-48DA-942F-6414B91D5200}.Release|x64.Build.0 = Release|x64
		{EBB558EC-489F-48DA-942F-6414B91D5200}.Release|x86.ActiveCfg = Release|x86
		{EBB558EC-489F-48DA-942F-6414B91D5200}.Release|x86.Build.0 = Release|x86
	EndGlobalSection
	GlobalSection(SolutionProperties) = preSolution
		HideSolutionNode = FALSE
	EndGlobalSection
	GlobalSection(ExtensibilityGlobals) = postSolution
		SolutionGuid = {D693CCE1-BFC7-4414-8F7F-757C31E6BCA6}
	EndGlobalSection
EndGlobal
